{
    "_readme": [
        "This file locks the dependencies of your project to a known state",
        "Read more about it at https://getcomposer.org/doc/01-basic-usage.md#installing-dependencies",
        "This file is @generated automatically"
    ],
    "content-hash": "188b0fa6ff87dcee64ce1987474d25f1",
    "packages": [
        {
            "name": "helsingborg-stad/wpservice",
            "version": "2.0.8",
            "source": {
                "type": "git",
                "url": "https://github.com/helsingborg-stad/wpservice.git",
                "reference": "5fa494bbb8ac3a8ca8e969715772bb35424df9cc"
            },
            "dist": {
                "type": "zip",
                "url": "https://api.github.com/repos/helsingborg-stad/wpservice/zipball/5fa494bbb8ac3a8ca8e969715772bb35424df9cc",
                "reference": "5fa494bbb8ac3a8ca8e969715772bb35424df9cc",
                "shasum": ""
            },
            "require": {
                "php": "^8.2"
            },
            "require-dev": {
                "helsingborg-stad/phpcs": "^0.3.5",
                "johnpbloch/wordpress": "^6.6",
                "php-stubs/generator": "*",
                "php-stubs/wordpress-stubs": "^6.6",
                "phpunit/phpunit": "^9.6"
            },
            "type": "library",
            "autoload": {
                "psr-4": {
                    "WpService\\": "src/",
                    "WpCronService\\": "src/WpCronService/",
                    "WpService\\Generator\\": "generator/"
                }
            },
            "notification-url": "https://packagist.org/downloads/",
            "license": [
                "MIT"
            ],
            "authors": [
                {
                    "name": "Thor Brink",
                    "email": "thor.brink@helsingborg.se"
                }
            ],
            "description": "Simplifies WordPress integration by providing a centralized WpService that exposes global WordPress functions in a streamlined manner. Simplify your development workflow and enhance WordPress integration with ease.",
            "support": {
                "issues": "https://github.com/helsingborg-stad/wpservice/issues",
                "source": "https://github.com/helsingborg-stad/wpservice/tree/2.0.8"
            },
            "time": "2024-11-22T10:51:26+00:00"
        }
    ],
    "packages-dev": [],
    "aliases": [],
    "minimum-stability": "stable",
    "stability-flags": {},
    "prefer-stable": false,
    "prefer-lowest": false,
    "platform": {},
    "platform-dev": {},
    "plugin-api-version": "2.9.0"
}
